
Microsoft Visual Studio Solution File, Format Version 12.00
# Visual Studio Version 17
VisualStudioVersion = 17.5.33414.496
MinimumVisualStudioVersion = 10.0.40219.1
Project("{8BC9CEB8-8B4A-11D0-8D11-00A0C91BC942}") = "3-1", "3-1\3-1.vcxproj", "{7EB552AE-805F-45A9-AB65-6186B6630E5C}"
EndProject
Project("{8BC9CEB8-8B4A-11D0-8D11-00A0C91BC942}") = "3-2", "3-2\3-2.vcxproj", "{7D10A653-C0A8-49F7-94A4-BEB3EEEB3DA8}"
EndProject
Project("{8BC9CEB8-8B4A-11D0-8D11-00A0C91BC942}") = "3-3", "3-3\3-3.vcxproj", "{955B349C-3852-42EA-A7CE-0D90549D7475}"
EndProject
Global
	GlobalSection(SolutionConfigurationPlatforms) = preSolution
		Debug|x64 = Debug|x64
		Debug|x86 = Debug|x86
		Release|x64 = Release|x64
		Release|x86 = Release|x86
	EndGlobalSection
	GlobalSection(ProjectConfigurationPlatforms) = postSolution
		{7EB552AE-805F-45A9-AB65-6186B6630E5C}.Debug|x64.ActiveCfg = Debug|x64
		{7EB552AE-805F-45A9-AB65-6186B6630E5C}.Debug|x64.Build.0 = Debug|x64
		{7EB552AE-805F-45A9-AB65-6186B6630E5C}.Debug|x86.ActiveCfg = Debug|Win32
		{7EB552AE-805F-45A9-AB65-6186B6630E5C}.Debug|x86.Build.0 = Debug|Win32
		{7EB552AE-805F-45A9-AB65-6186B6630E5C}.Release|x64.ActiveCfg = Release|x64
		{7EB552AE-805F-45A9-AB65-6186B6630E5C}.Release|x64.Build.0 = Release|x64
		{7EB552AE-805F-45A9-AB65-6186B6630E5C}.Release|x86.ActiveCfg = Release|Win32
		{7EB552AE-805F-45A9-AB65-6186B6630E5C}.Release|x86.Build.0 = Release|Win32
		{7D10A653-C0A8-49F7-94A4-BEB3EEEB3DA8}.Debug|x64.ActiveCfg = Debug|x64
		{7D10A653-C0A8-49F7-94A4-BEB3EEEB3DA8}.Debug|x64.Build.0 = Debug|x64
		{7D10A653-C0A8-49F7-94A4-BEB3EEEB3DA8}.Debug|x86.ActiveCfg = Debug|Win32
		{7D10A653-C0A8-49F7-94A4-BEB3EEEB3DA8}.Debug|x86.Build.0 = Debug|Win32
		{7D10A653-C0A8-49F7-94A4-BEB3EEEB3DA8}.Release|x64.ActiveCfg = Release|x64
		{7D10A653-C0A8-49F7-94A4-BEB3EEEB3DA8}.Release|x64.Build.0 = Release|x64
		{7D10A653-C0A8-49F7-94A4-BEB3EEEB3DA8}.Release|x86.ActiveCfg = Release|Win32
		{7D10A653-C0A8-49F7-94A4-BEB3EEEB3DA8}.Release|x86.Build.0 = Release|Win32
		{955B349C-3852-42EA-A7CE-0D90549D7475}.Debug|x64.ActiveCfg = Debug|x64
		{955B349C-3852-42EA-A7CE-0D90549D7475}.Debug|x64.Build.0 = Debug|x64
		{955B349C-3852-42EA-A7CE-0D90549D7475}.Debug|x86.ActiveCfg = Debug|Win32
		{955B349C-3852-42EA-A7CE-0D90549D7475}.Debug|x86.Build.0 = Debug|Win32
		{955B349C-3852-42EA-A7CE-0D90549D7475}.Release|x64.ActiveCfg = Release|x64
		{955B349C-3852-42EA-A7CE-0D90549D7475}.Release|x64.Build.0 = Release|x64
		{955B349C-3852-42EA-A7CE-0D90549D7475}.Release|x86.ActiveCfg = Release|Win32
		{955B349C-3852-42EA-A7CE-0D90549D7475}.Release|x86.Build.0 = Release|Win32
	EndGlobalSection
	GlobalSection(SolutionProperties) = preSolution
		HideSolutionNode = FALSE
	EndGlobalSection
	GlobalSection(ExtensibilityGlobals) = postSolution
		SolutionGuid = {E708055B-9EA2-46F4-9EA0-FDC36A708807}
	EndGlobalSection
EndGlobal
